PODS:
  - Alamofire (4.9.0)
  - IHProgressHUD (0.1.4)
  - SwiftyJSON (5.0.0)

DEPENDENCIES:
  - Alamofire
  - IHProgressHUD
  - SwiftyJSON

SPEC REPOS:
  trunk:
    - Alamofire
    - IHProgressHUD
    - SwiftyJSON

SPEC CHECKSUMS:
  Alamofire: afc3e7c6db61476cb45cdd23fed06bad03bbc321
  IHProgressHUD: a01846bfbb581c761c79747c67b08387c3bdfae3
  SwiftyJSON: 36413e04c44ee145039d332b4f4e2d3e8d6c4db7

PODFILE CHECKSUM: 34c371778fb8ca8f212355e948b5e4850546c001

COCOAPODS: 1.8.0.beta.2
